
Microsoft Visual Studio Solution File, Format Version 12.00
# Visual Studio Version 17
VisualStudioVersion = 17.3.32825.248
MinimumVisualStudioVersion = 10.0.40219.1
Project("{8BC9CEB8-8B4A-11D0-8D11-00A0C91BC942}") = "task1", "task1\task1.vcxproj", "{73ED6D10-4918-49D9-A8F2-ED1491C47CB2}"
EndProject
Project("{8BC9CEB8-8B4A-11D0-8D11-00A0C91BC942}") = "task2", "task2\task2.vcxproj", "{C7E48D4E-61A9-410E-B367-3CBDAD7F8266}"
EndProject
Project("{8BC9CEB8-8B4A-11D0-8D11-00A0C91BC942}") = "task3", "task3\task3.vcxproj", "{0E17C1F2-9B40-4315-AF15-4D5EE7EDCF91}"
EndProject
Project("{8BC9CEB8-8B4A-11D0-8D11-00A0C91BC942}") = "task4", "task4\task4.vcxproj", "{016AB697-8FC1-453B-9270-59741972F217}"
EndProject
Project("{8BC9CEB8-8B4A-11D0-8D11-00A0C91BC942}") = "task5", "task5\task5.vcxproj", "{C644B102-3F0F-475E-8125-0B4CDD24D821}"
EndProject
Project("{8BC9CEB8-8B4A-11D0-8D11-00A0C91BC942}") = "task6", "task6\task6.vcxproj", "{CC3130F8-36F6-4E6B-959A-06D558438C3B}"
EndProject
Global
	GlobalSection(SolutionConfigurationPlatforms) = preSolution
		Debug|x64 = Debug|x64
		Debug|x86 = Debug|x86
		Release|x64 = Release|x64
		Release|x86 = Release|x86
	EndGlobalSection
	GlobalSection(ProjectConfigurationPlatforms) = postSolution
		{73ED6D10-4918-49D9-A8F2-ED1491C47CB2}.Debug|x64.ActiveCfg = Debug|x64
		{73ED6D10-4918-49D9-A8F2-ED1491C47CB2}.Debug|x64.Build.0 = Debug|x64
		{73ED6D10-4918-49D9-A8F2-ED1491C47CB2}.Debug|x86.ActiveCfg = Debug|Win32
		{73ED6D10-4918-49D9-A8F2-ED1491C47CB2}.Debug|x86.Build.0 = Debug|Win32
		{73ED6D10-4918-49D9-A8F2-ED1491C47CB2}.Release|x64.ActiveCfg = Release|x64
		{73ED6D10-4918-49D9-A8F2-ED1491C47CB2}.Release|x64.Build.0 = Release|x64
		{73ED6D10-4918-49D9-A8F2-ED1491C47CB2}.Release|x86.ActiveCfg = Release|Win32
		{73ED6D10-4918-49D9-A8F2-ED1491C47CB2}.Release|x86.Build.0 = Release|Win32
		{C7E48D4E-61A9-410E-B367-3CBDAD7F8266}.Debug|x64.ActiveCfg = Debug|x64
		{C7E48D4E-61A9-410E-B367-3CBDAD7F8266}.Debug|x64.Build.0 = Debug|x64
		{C7E48D4E-61A9-410E-B367-3CBDAD7F8266}.Debug|x86.ActiveCfg = Debug|Win32
		{C7E48D4E-61A9-410E-B367-3CBDAD7F8266}.Debug|x86.Build.0 = Debug|Win32
		{C7E48D4E-61A9-410E-B367-3CBDAD7F8266}.Release|x64.ActiveCfg = Release|x64
		{C7E48D4E-61A9-410E-B367-3CBDAD7F8266}.Release|x64.Build.0 = Release|x64
		{C7E48D4E-61A9-410E-B367-3CBDAD7F8266}.Release|x86.ActiveCfg = Release|Win32
		{C7E48D4E-61A9-410E-B367-3CBDAD7F8266}.Release|x86.Build.0 = Release|Win32
		{0E17C1F2-9B40-4315-AF15-4D5EE7EDCF91}.Debug|x64.ActiveCfg = Debug|x64
		{0E17C1F2-9B40-4315-AF15-4D5EE7EDCF91}.Debug|x64.Build.0 = Debug|x64
		{0E17C1F2-9B40-4315-AF15-4D5EE7EDCF91}.Debug|x86.ActiveCfg = Debug|Win32
		{0E17C1F2-9B40-4315-AF15-4D5EE7EDCF91}.Debug|x86.Build.0 = Debug|Win32
		{0E17C1F2-9B40-4315-AF15-4D5EE7EDCF91}.Release|x64.ActiveCfg = Release|x64
		{0E17C1F2-9B40-4315-AF15-4D5EE7EDCF91}.Release|x64.Build.0 = Release|x64
		{0E17C1F2-9B40-4315-AF15-4D5EE7EDCF91}.Release|x86.ActiveCfg = Release|Win32
		{0E17C1F2-9B40-4315-AF15-4D5EE7EDCF91}.Release|x86.Build.0 = Release|Win32
		{016AB697-8FC1-453B-9270-59741972F217}.Debug|x64.ActiveCfg = Debug|x64
		{016AB697-8FC1-453B-9270-59741972F217}.Debug|x64.Build.0 = Debug|x64
		{016AB697-8FC1-453B-9270-59741972F217}.Debug|x86.ActiveCfg = Debug|Win32
		{016AB697-8FC1-453B-9270-59741972F217}.Debug|x86.Build.0 = Debug|Win32
		{016AB697-8FC1-453B-9270-59741972F217}.Release|x64.ActiveCfg = Release|x64
		{016AB697-8FC1-453B-9270-59741972F217}.Release|x64.Build.0 = Release|x64
		{016AB697-8FC1-453B-9270-59741972F217}.Release|x86.ActiveCfg = Release|Win32
		{016AB697-8FC1-453B-9270-59741972F217}.Release|x86.Build.0 = Release|Win32
		{C644B102-3F0F-475E-8125-0B4CDD24D821}.Debug|x64.ActiveCfg = Debug|x64
		{C644B102-3F0F-475E-8125-0B4CDD24D821}.Debug|x64.Build.0 = Debug|x64
		{C644B102-3F0F-475E-8125-0B4CDD24D821}.Debug|x86.ActiveCfg = Debug|Win32
		{C644B102-3F0F-475E-8125-0B4CDD24D821}.Debug|x86.Build.0 = Debug|Win32
		{C644B102-3F0F-475E-8125-0B4CDD24D821}.Release|x64.ActiveCfg = Release|x64
		{C644B102-3F0F-475E-8125-0B4CDD24D821}.Release|x64.Build.0 = Release|x64
		{C644B102-3F0F-475E-8125-0B4CDD24D821}.Release|x86.ActiveCfg = Release|Win32
		{C644B102-3F0F-475E-8125-0B4CDD24D821}.Release|x86.Build.0 = Release|Win32
		{CC3130F8-36F6-4E6B-959A-06D558438C3B}.Debug|x64.ActiveCfg = Debug|x64
		{CC3130F8-36F6-4E6B-959A-06D558438C3B}.Debug|x64.Build.0 = Debug|x64
		{CC3130F8-36F6-4E6B-959A-06D558438C3B}.Debug|x86.ActiveCfg = Debug|Win32
		{CC3130F8-36F6-4E6B-959A-06D558438C3B}.Debug|x86.Build.0 = Debug|Win32
		{CC3130F8-36F6-4E6B-959A-06D558438C3B}.Release|x64.ActiveCfg = Release|x64
		{CC3130F8-36F6-4E6B-959A-06D558438C3B}.Release|x64.Build.0 = Release|x64
		{CC3130F8-36F6-4E6B-959A-06D558438C3B}.Release|x86.ActiveCfg = Release|Win32
		{CC3130F8-36F6-4E6B-959A-06D558438C3B}.Release|x86.Build.0 = Release|Win32
	EndGlobalSection
	GlobalSection(SolutionProperties) = preSolution
		HideSolutionNode = FALSE
	EndGlobalSection
	GlobalSection(ExtensibilityGlobals) = postSolution
		SolutionGuid = {F9184909-C634-4BB9-AFF4-3D87A5561CF6}
	EndGlobalSection
EndGlobal
