
Microsoft Visual Studio Solution File, Format Version 12.00
# Visual Studio Version 17
VisualStudioVersion = 17.3.32825.248
MinimumVisualStudioVersion = 10.0.40219.1
Project("{8BC9CEB8-8B4A-11D0-8D11-00A0C91BC942}") = "Task1", "Task1\Task1.vcxproj", "{2087CA5B-F08D-4F9A-A00A-A7BBB3341B4B}"
EndProject
Project("{8BC9CEB8-8B4A-11D0-8D11-00A0C91BC942}") = "Task2", "Task2\Task2.vcxproj", "{D3E14134-DA51-4E9A-8A82-E753F94B83D7}"
EndProject
Project("{8BC9CEB8-8B4A-11D0-8D11-00A0C91BC942}") = "Task3", "Task3\Task3.vcxproj", "{461DE70C-CED9-4F02-8101-AE77047632AA}"
EndProject
Project("{8BC9CEB8-8B4A-11D0-8D11-00A0C91BC942}") = "Task4", "Task4\Task4.vcxproj", "{D29E72F5-39C2-4B7E-BE12-241E320127E5}"
EndProject
Project("{8BC9CEB8-8B4A-11D0-8D11-00A0C91BC942}") = "Task5", "Task5\Task5.vcxproj", "{BCE3F3DF-98B4-4537-B4FE-A6BEA6AA8FC9}"
EndProject
Project("{8BC9CEB8-8B4A-11D0-8D11-00A0C91BC942}") = "Task 6", "Task 6\Task 6.vcxproj", "{F265FF18-3B9A-479D-992F-8F8ACB2B6D24}"
EndProject
Project("{8BC9CEB8-8B4A-11D0-8D11-00A0C91BC942}") = "Task 7", "Task 7\Task 7.vcxproj", "{84820047-E06A-48AF-8945-9769C394D8D4}"
EndProject
Project("{8BC9CEB8-8B4A-11D0-8D11-00A0C91BC942}") = "Task 8", "Task 8\Task 8.vcxproj", "{0B4D939D-C620-43FB-93DA-DA765734745E}"
EndProject
Project("{8BC9CEB8-8B4A-11D0-8D11-00A0C91BC942}") = "Task 9", "Task 9\Task 9.vcxproj", "{AE40ED73-8A79-42ED-B1DB-EA1469FC44A9}"
EndProject
Global
	GlobalSection(SolutionConfigurationPlatforms) = preSolution
		Debug|x64 = Debug|x64
		Debug|x86 = Debug|x86
		Release|x64 = Release|x64
		Release|x86 = Release|x86
	EndGlobalSection
	GlobalSection(ProjectConfigurationPlatforms) = postSolution
		{2087CA5B-F08D-4F9A-A00A-A7BBB3341B4B}.Debug|x64.ActiveCfg = Debug|x64
		{2087CA5B-F08D-4F9A-A00A-A7BBB3341B4B}.Debug|x64.Build.0 = Debug|x64
		{2087CA5B-F08D-4F9A-A00A-A7BBB3341B4B}.Debug|x86.ActiveCfg = Debug|Win32
		{2087CA5B-F08D-4F9A-A00A-A7BBB3341B4B}.Debug|x86.Build.0 = Debug|Win32
		{2087CA5B-F08D-4F9A-A00A-A7BBB3341B4B}.Release|x64.ActiveCfg = Release|x64
		{2087CA5B-F08D-4F9A-A00A-A7BBB3341B4B}.Release|x64.Build.0 = Release|x64
		{2087CA5B-F08D-4F9A-A00A-A7BBB3341B4B}.Release|x86.ActiveCfg = Release|Win32
		{2087CA5B-F08D-4F9A-A00A-A7BBB3341B4B}.Release|x86.Build.0 = Release|Win32
		{D3E14134-DA51-4E9A-8A82-E753F94B83D7}.Debug|x64.ActiveCfg = Debug|x64
		{D3E14134-DA51-4E9A-8A82-E753F94B83D7}.Debug|x64.Build.0 = Debug|x64
		{D3E14134-DA51-4E9A-8A82-E753F94B83D7}.Debug|x86.ActiveCfg = Debug|Win32
		{D3E14134-DA51-4E9A-8A82-E753F94B83D7}.Debug|x86.Build.0 = Debug|Win32
		{D3E14134-DA51-4E9A-8A82-E753F94B83D7}.Release|x64.ActiveCfg = Release|x64
		{D3E14134-DA51-4E9A-8A82-E753F94B83D7}.Release|x64.Build.0 = Release|x64
		{D3E14134-DA51-4E9A-8A82-E753F94B83D7}.Release|x86.ActiveCfg = Release|Win32
		{D3E14134-DA51-4E9A-8A82-E753F94B83D7}.Release|x86.Build.0 = Release|Win32
		{461DE70C-CED9-4F02-8101-AE77047632AA}.Debug|x64.ActiveCfg = Debug|x64
		{461DE70C-CED9-4F02-8101-AE77047632AA}.Debug|x64.Build.0 = Debug|x64
		{461DE70C-CED9-4F02-8101-AE77047632AA}.Debug|x86.ActiveCfg = Debug|Win32
		{461DE70C-CED9-4F02-8101-AE77047632AA}.Debug|x86.Build.0 = Debug|Win32
		{461DE70C-CED9-4F02-8101-AE77047632AA}.Release|x64.ActiveCfg = Release|x64
		{461DE70C-CED9-4F02-8101-AE77047632AA}.Release|x64.Build.0 = Release|x64
		{461DE70C-CED9-4F02-8101-AE77047632AA}.Release|x86.ActiveCfg = Release|Win32
		{461DE70C-CED9-4F02-8101-AE77047632AA}.Release|x86.Build.0 = Release|Win32
		{D29E72F5-39C2-4B7E-BE12-241E320127E5}.Debug|x64.ActiveCfg = Debug|x64
		{D29E72F5-39C2-4B7E-BE12-241E320127E5}.Debug|x64.Build.0 = Debug|x64
		{D29E72F5-39C2-4B7E-BE12-241E320127E5}.Debug|x86.ActiveCfg = Debug|Win32
		{D29E72F5-39C2-4B7E-BE12-241E320127E5}.Debug|x86.Build.0 = Debug|Win32
		{D29E72F5-39C2-4B7E-BE12-241E320127E5}.Release|x64.ActiveCfg = Release|x64
		{D29E72F5-39C2-4B7E-BE12-241E320127E5}.Release|x64.Build.0 = Release|x64
		{D29E72F5-39C2-4B7E-BE12-241E320127E5}.Release|x86.ActiveCfg = Release|Win32
		{D29E72F5-39C2-4B7E-BE12-241E320127E5}.Release|x86.Build.0 = Release|Win32
		{BCE3F3DF-98B4-4537-B4FE-A6BEA6AA8FC9}.Debug|x64.ActiveCfg = Debug|x64
		{BCE3F3DF-98B4-4537-B4FE-A6BEA6AA8FC9}.Debug|x64.Build.0 = Debug|x64
		{BCE3F3DF-98B4-4537-B4FE-A6BEA6AA8FC9}.Debug|x86.ActiveCfg = Debug|Win32
		{BCE3F3DF-98B4-4537-B4FE-A6BEA6AA8FC9}.Debug|x86.Build.0 = Debug|Win32
		{BCE3F3DF-98B4-4537-B4FE-A6BEA6AA8FC9}.Release|x64.ActiveCfg = Release|x64
		{BCE3F3DF-98B4-4537-B4FE-A6BEA6AA8FC9}.Release|x64.Build.0 = Release|x64
		{BCE3F3DF-98B4-4537-B4FE-A6BEA6AA8FC9}.Release|x86.ActiveCfg = Release|Win32
		{BCE3F3DF-98B4-4537-B4FE-A6BEA6AA8FC9}.Release|x86.Build.0 = Release|Win32
		{F265FF18-3B9A-479D-992F-8F8ACB2B6D24}.Debug|x64.ActiveCfg = Debug|x64
		{F265FF18-3B9A-479D-992F-8F8ACB2B6D24}.Debug|x64.Build.0 = Debug|x64
		{F265FF18-3B9A-479D-992F-8F8ACB2B6D24}.Debug|x86.ActiveCfg = Debug|Win32
		{F265FF18-3B9A-479D-992F-8F8ACB2B6D24}.Debug|x86.Build.0 = Debug|Win32
		{F265FF18-3B9A-479D-992F-8F8ACB2B6D24}.Release|x64.ActiveCfg = Release|x64
		{F265FF18-3B9A-479D-992F-8F8ACB2B6D24}.Release|x64.Build.0 = Release|x64
		{F265FF18-3B9A-479D-992F-8F8ACB2B6D24}.Release|x86.ActiveCfg = Release|Win32
		{F265FF18-3B9A-479D-992F-8F8ACB2B6D24}.Release|x86.Build.0 = Release|Win32
		{84820047-E06A-48AF-8945-9769C394D8D4}.Debug|x64.ActiveCfg = Debug|x64
		{84820047-E06A-48AF-8945-9769C394D8D4}.Debug|x64.Build.0 = Debug|x64
		{84820047-E06A-48AF-8945-9769C394D8D4}.Debug|x86.ActiveCfg = Debug|Win32
		{84820047-E06A-48AF-8945-9769C394D8D4}.Debug|x86.Build.0 = Debug|Win32
		{84820047-E06A-48AF-8945-9769C394D8D4}.Release|x64.ActiveCfg = Release|x64
		{84820047-E06A-48AF-8945-9769C394D8D4}.Release|x64.Build.0 = Release|x64
		{84820047-E06A-48AF-8945-9769C394D8D4}.Release|x86.ActiveCfg = Release|Win32
		{84820047-E06A-48AF-8945-9769C394D8D4}.Release|x86.Build.0 = Release|Win32
		{0B4D939D-C620-43FB-93DA-DA765734745E}.Debug|x64.ActiveCfg = Debug|x64
		{0B4D939D-C620-43FB-93DA-DA765734745E}.Debug|x64.Build.0 = Debug|x64
		{0B4D939D-C620-43FB-93DA-DA765734745E}.Debug|x86.ActiveCfg = Debug|Win32
		{0B4D939D-C620-43FB-93DA-DA765734745E}.Debug|x86.Build.0 = Debug|Win32
		{0B4D939D-C620-43FB-93DA-DA765734745E}.Release|x64.ActiveCfg = Release|x64
		{0B4D939D-C620-43FB-93DA-DA765734745E}.Release|x64.Build.0 = Release|x64
		{0B4D939D-C620-43FB-93DA-DA765734745E}.Release|x86.ActiveCfg = Release|Win32
		{0B4D939D-C620-43FB-93DA-DA765734745E}.Release|x86.Build.0 = Release|Win32
		{AE40ED73-8A79-42ED-B1DB-EA1469FC44A9}.Debug|x64.ActiveCfg = Debug|x64
		{AE40ED73-8A79-42ED-B1DB-EA1469FC44A9}.Debug|x64.Build.0 = Debug|x64
		{AE40ED73-8A79-42ED-B1DB-EA1469FC44A9}.Debug|x86.ActiveCfg = Debug|Win32
		{AE40ED73-8A79-42ED-B1DB-EA1469FC44A9}.Debug|x86.Build.0 = Debug|Win32
		{AE40ED73-8A79-42ED-B1DB-EA1469FC44A9}.Release|x64.ActiveCfg = Release|x64
		{AE40ED73-8A79-42ED-B1DB-EA1469FC44A9}.Release|x64.Build.0 = Release|x64
		{AE40ED73-8A79-42ED-B1DB-EA1469FC44A9}.Release|x86.ActiveCfg = Release|Win32
		{AE40ED73-8A79-42ED-B1DB-EA1469FC44A9}.Release|x86.Build.0 = Release|Win32
	EndGlobalSection
	GlobalSection(SolutionProperties) = preSolution
		HideSolutionNode = FALSE
	EndGlobalSection
	GlobalSection(ExtensibilityGlobals) = postSolution
		SolutionGuid = {13B96D3C-B859-426D-8027-23FF12C98BC2}
	EndGlobalSection
EndGlobal
