
Microsoft Visual Studio Solution File, Format Version 12.00
# Visual Studio Version 17
VisualStudioVersion = 17.3.32825.248
MinimumVisualStudioVersion = 10.0.40219.1
Project("{8BC9CEB8-8B4A-11D0-8D11-00A0C91BC942}") = "task1", "task1\task1.vcxproj", "{A110E737-46DE-426C-A405-DD7B1F1A75C6}"
EndProject
Project("{8BC9CEB8-8B4A-11D0-8D11-00A0C91BC942}") = "task2", "task2\task2.vcxproj", "{D5A298F3-AD6A-4AEF-9C61-8E70BFB6CF34}"
EndProject
Project("{8BC9CEB8-8B4A-11D0-8D11-00A0C91BC942}") = "task3", "task3\task3.vcxproj", "{3676AFC5-118C-4BE5-8F75-5B3EB2796F75}"
EndProject
Project("{8BC9CEB8-8B4A-11D0-8D11-00A0C91BC942}") = "task4", "task4\task4.vcxproj", "{B2BF34B4-90B1-4329-83DD-A7598AC94836}"
EndProject
Project("{8BC9CEB8-8B4A-11D0-8D11-00A0C91BC942}") = "task5", "task5\task5.vcxproj", "{FE44808F-4530-4DDB-9338-63BD5ADCEFBA}"
EndProject
Project("{8BC9CEB8-8B4A-11D0-8D11-00A0C91BC942}") = "task6", "task6\task6.vcxproj", "{FC551EC6-4CC8-4C3D-9097-ABE1E566422F}"
EndProject
Project("{8BC9CEB8-8B4A-11D0-8D11-00A0C91BC942}") = "task7", "task7\task7.vcxproj", "{E3BCDADC-CA41-4397-A642-D158675AC99A}"
EndProject
Project("{8BC9CEB8-8B4A-11D0-8D11-00A0C91BC942}") = "task8", "task8\task8.vcxproj", "{A21E3EA8-55A3-4F2D-ADDE-1667BB711656}"
EndProject
Project("{8BC9CEB8-8B4A-11D0-8D11-00A0C91BC942}") = "task9", "task9\task9.vcxproj", "{E28CE3F8-13D7-4BE1-A862-B6A14856EB77}"
EndProject
Project("{8BC9CEB8-8B4A-11D0-8D11-00A0C91BC942}") = "task10", "task10\task10.vcxproj", "{92C7AE84-BAAC-4534-A2E6-93A7F5DA757B}"
EndProject
Global
	GlobalSection(SolutionConfigurationPlatforms) = preSolution
		Debug|x64 = Debug|x64
		Debug|x86 = Debug|x86
		Release|x64 = Release|x64
		Release|x86 = Release|x86
	EndGlobalSection
	GlobalSection(ProjectConfigurationPlatforms) = postSolution
		{A110E737-46DE-426C-A405-DD7B1F1A75C6}.Debug|x64.ActiveCfg = Debug|x64
		{A110E737-46DE-426C-A405-DD7B1F1A75C6}.Debug|x64.Build.0 = Debug|x64
		{A110E737-46DE-426C-A405-DD7B1F1A75C6}.Debug|x86.ActiveCfg = Debug|Win32
		{A110E737-46DE-426C-A405-DD7B1F1A75C6}.Debug|x86.Build.0 = Debug|Win32
		{A110E737-46DE-426C-A405-DD7B1F1A75C6}.Release|x64.ActiveCfg = Release|x64
		{A110E737-46DE-426C-A405-DD7B1F1A75C6}.Release|x64.Build.0 = Release|x64
		{A110E737-46DE-426C-A405-DD7B1F1A75C6}.Release|x86.ActiveCfg = Release|Win32
		{A110E737-46DE-426C-A405-DD7B1F1A75C6}.Release|x86.Build.0 = Release|Win32
		{D5A298F3-AD6A-4AEF-9C61-8E70BFB6CF34}.Debug|x64.ActiveCfg = Debug|x64
		{D5A298F3-AD6A-4AEF-9C61-8E70BFB6CF34}.Debug|x64.Build.0 = Debug|x64
		{D5A298F3-AD6A-4AEF-9C61-8E70BFB6CF34}.Debug|x86.ActiveCfg = Debug|Win32
		{D5A298F3-AD6A-4AEF-9C61-8E70BFB6CF34}.Debug|x86.Build.0 = Debug|Win32
		{D5A298F3-AD6A-4AEF-9C61-8E70BFB6CF34}.Release|x64.ActiveCfg = Release|x64
		{D5A298F3-AD6A-4AEF-9C61-8E70BFB6CF34}.Release|x64.Build.0 = Release|x64
		{D5A298F3-AD6A-4AEF-9C61-8E70BFB6CF34}.Release|x86.ActiveCfg = Release|Win32
		{D5A298F3-AD6A-4AEF-9C61-8E70BFB6CF34}.Release|x86.Build.0 = Release|Win32
		{3676AFC5-118C-4BE5-8F75-5B3EB2796F75}.Debug|x64.ActiveCfg = Debug|x64
		{3676AFC5-118C-4BE5-8F75-5B3EB2796F75}.Debug|x64.Build.0 = Debug|x64
		{3676AFC5-118C-4BE5-8F75-5B3EB2796F75}.Debug|x86.ActiveCfg = Debug|Win32
		{3676AFC5-118C-4BE5-8F75-5B3EB2796F75}.Debug|x86.Build.0 = Debug|Win32
		{3676AFC5-118C-4BE5-8F75-5B3EB2796F75}.Release|x64.ActiveCfg = Release|x64
		{3676AFC5-118C-4BE5-8F75-5B3EB2796F75}.Release|x64.Build.0 = Release|x64
		{3676AFC5-118C-4BE5-8F75-5B3EB2796F75}.Release|x86.ActiveCfg = Release|Win32
		{3676AFC5-118C-4BE5-8F75-5B3EB2796F75}.Release|x86.Build.0 = Release|Win32
		{B2BF34B4-90B1-4329-83DD-A7598AC94836}.Debug|x64.ActiveCfg = Debug|x64
		{B2BF34B4-90B1-4329-83DD-A7598AC94836}.Debug|x64.Build.0 = Debug|x64
		{B2BF34B4-90B1-4329-83DD-A7598AC94836}.Debug|x86.ActiveCfg = Debug|Win32
		{B2BF34B4-90B1-4329-83DD-A7598AC94836}.Debug|x86.Build.0 = Debug|Win32
		{B2BF34B4-90B1-4329-83DD-A7598AC94836}.Release|x64.ActiveCfg = Release|x64
		{B2BF34B4-90B1-4329-83DD-A7598AC94836}.Release|x64.Build.0 = Release|x64
		{B2BF34B4-90B1-4329-83DD-A7598AC94836}.Release|x86.ActiveCfg = Release|Win32
		{B2BF34B4-90B1-4329-83DD-A7598AC94836}.Release|x86.Build.0 = Release|Win32
		{FE44808F-4530-4DDB-9338-63BD5ADCEFBA}.Debug|x64.ActiveCfg = Debug|x64
		{FE44808F-4530-4DDB-9338-63BD5ADCEFBA}.Debug|x64.Build.0 = Debug|x64
		{FE44808F-4530-4DDB-9338-63BD5ADCEFBA}.Debug|x86.ActiveCfg = Debug|Win32
		{FE44808F-4530-4DDB-9338-63BD5ADCEFBA}.Debug|x86.Build.0 = Debug|Win32
		{FE44808F-4530-4DDB-9338-63BD5ADCEFBA}.Release|x64.ActiveCfg = Release|x64
		{FE44808F-4530-4DDB-9338-63BD5ADCEFBA}.Release|x64.Build.0 = Release|x64
		{FE44808F-4530-4DDB-9338-63BD5ADCEFBA}.Release|x86.ActiveCfg = Release|Win32
		{FE44808F-4530-4DDB-9338-63BD5ADCEFBA}.Release|x86.Build.0 = Release|Win32
		{FC551EC6-4CC8-4C3D-9097-ABE1E566422F}.Debug|x64.ActiveCfg = Debug|x64
		{FC551EC6-4CC8-4C3D-9097-ABE1E566422F}.Debug|x64.Build.0 = Debug|x64
		{FC551EC6-4CC8-4C3D-9097-ABE1E566422F}.Debug|x86.ActiveCfg = Debug|Win32
		{FC551EC6-4CC8-4C3D-9097-ABE1E566422F}.Debug|x86.Build.0 = Debug|Win32
		{FC551EC6-4CC8-4C3D-9097-ABE1E566422F}.Release|x64.ActiveCfg = Release|x64
		{FC551EC6-4CC8-4C3D-9097-ABE1E566422F}.Release|x64.Build.0 = Release|x64
		{FC551EC6-4CC8-4C3D-9097-ABE1E566422F}.Release|x86.ActiveCfg = Release|Win32
		{FC551EC6-4CC8-4C3D-9097-ABE1E566422F}.Release|x86.Build.0 = Release|Win32
		{E3BCDADC-CA41-4397-A642-D158675AC99A}.Debug|x64.ActiveCfg = Debug|x64
		{E3BCDADC-CA41-4397-A642-D158675AC99A}.Debug|x64.Build.0 = Debug|x64
		{E3BCDADC-CA41-4397-A642-D158675AC99A}.Debug|x86.ActiveCfg = Debug|Win32
		{E3BCDADC-CA41-4397-A642-D158675AC99A}.Debug|x86.Build.0 = Debug|Win32
		{E3BCDADC-CA41-4397-A642-D158675AC99A}.Release|x64.ActiveCfg = Release|x64
		{E3BCDADC-CA41-4397-A642-D158675AC99A}.Release|x64.Build.0 = Release|x64
		{E3BCDADC-CA41-4397-A642-D158675AC99A}.Release|x86.ActiveCfg = Release|Win32
		{E3BCDADC-CA41-4397-A642-D158675AC99A}.Release|x86.Build.0 = Release|Win32
		{A21E3EA8-55A3-4F2D-ADDE-1667BB711656}.Debug|x64.ActiveCfg = Debug|x64
		{A21E3EA8-55A3-4F2D-ADDE-1667BB711656}.Debug|x64.Build.0 = Debug|x64
		{A21E3EA8-55A3-4F2D-ADDE-1667BB711656}.Debug|x86.ActiveCfg = Debug|Win32
		{A21E3EA8-55A3-4F2D-ADDE-1667BB711656}.Debug|x86.Build.0 = Debug|Win32
		{A21E3EA8-55A3-4F2D-ADDE-1667BB711656}.Release|x64.ActiveCfg = Release|x64
		{A21E3EA8-55A3-4F2D-ADDE-1667BB711656}.Release|x64.Build.0 = Release|x64
		{A21E3EA8-55A3-4F2D-ADDE-1667BB711656}.Release|x86.ActiveCfg = Release|Win32
		{A21E3EA8-55A3-4F2D-ADDE-1667BB711656}.Release|x86.Build.0 = Release|Win32
		{E28CE3F8-13D7-4BE1-A862-B6A14856EB77}.Debug|x64.ActiveCfg = Debug|x64
		{E28CE3F8-13D7-4BE1-A862-B6A14856EB77}.Debug|x64.Build.0 = Debug|x64
		{E28CE3F8-13D7-4BE1-A862-B6A14856EB77}.Debug|x86.ActiveCfg = Debug|Win32
		{E28CE3F8-13D7-4BE1-A862-B6A14856EB77}.Debug|x86.Build.0 = Debug|Win32
		{E28CE3F8-13D7-4BE1-A862-B6A14856EB77}.Release|x64.ActiveCfg = Release|x64
		{E28CE3F8-13D7-4BE1-A862-B6A14856EB77}.Release|x64.Build.0 = Release|x64
		{E28CE3F8-13D7-4BE1-A862-B6A14856EB77}.Release|x86.ActiveCfg = Release|Win32
		{E28CE3F8-13D7-4BE1-A862-B6A14856EB77}.Release|x86.Build.0 = Release|Win32
		{92C7AE84-BAAC-4534-A2E6-93A7F5DA757B}.Debug|x64.ActiveCfg = Debug|x64
		{92C7AE84-BAAC-4534-A2E6-93A7F5DA757B}.Debug|x64.Build.0 = Debug|x64
		{92C7AE84-BAAC-4534-A2E6-93A7F5DA757B}.Debug|x86.ActiveCfg = Debug|Win32
		{92C7AE84-BAAC-4534-A2E6-93A7F5DA757B}.Debug|x86.Build.0 = Debug|Win32
		{92C7AE84-BAAC-4534-A2E6-93A7F5DA757B}.Release|x64.ActiveCfg = Release|x64
		{92C7AE84-BAAC-4534-A2E6-93A7F5DA757B}.Release|x64.Build.0 = Release|x64
		{92C7AE84-BAAC-4534-A2E6-93A7F5DA757B}.Release|x86.ActiveCfg = Release|Win32
		{92C7AE84-BAAC-4534-A2E6-93A7F5DA757B}.Release|x86.Build.0 = Release|Win32
	EndGlobalSection
	GlobalSection(SolutionProperties) = preSolution
		HideSolutionNode = FALSE
	EndGlobalSection
	GlobalSection(ExtensibilityGlobals) = postSolution
		SolutionGuid = {0F630708-651D-4598-B82C-0C3B6D7FAF6C}
	EndGlobalSection
EndGlobal
